
Microsoft Visual Studio Solution File, Format Version 12.00
# Visual Studio Version 17
VisualStudioVersion = 17.3.32929.385
MinimumVisualStudioVersion = 10.0.40219.1
Project("{FAE04EC0-301F-11D3-BF4B-00C04F79EFBC}") = "Blog-API-Auth", "Blog-API-Auth.csproj", "{39D8401E-DA80-4510-B81F-A8DD593C65BC}"
EndProject
Global
	GlobalSection(SolutionConfigurationPlatforms) = preSolution
		Debug|Any CPU = Debug|Any CPU
		Release|Any CPU = Release|Any CPU
	EndGlobalSection
	GlobalSection(ProjectConfigurationPlatforms) = postSolution
		{39D8401E-DA80-4510-B81F-A8DD593C65BC}.Debug|Any CPU.ActiveCfg = Debug|Any CPU
		{39D8401E-DA80-4510-B81F-A8DD593C65BC}.Debug|Any CPU.Build.0 = Debug|Any CPU
		{39D8401E-DA80-4510-B81F-A8DD593C65BC}.Release|Any CPU.ActiveCfg = Release|Any CPU
		{39D8401E-DA80-4510-B81F-A8DD593C65BC}.Release|Any CPU.Build.0 = Release|Any CPU
	EndGlobalSection
	GlobalSection(SolutionProperties) = preSolution
		HideSolutionNode = FALSE
	EndGlobalSection
	GlobalSection(ExtensibilityGlobals) = postSolution
		SolutionGuid = {DAD86036-354C-4DA3-8701-638B38918788}
	EndGlobalSection
EndGlobal
